
Microsoft Visual Studio Solution File, Format Version 12.00
# Visual Studio 2013
VisualStudioVersion = 12.0.31101.0
MinimumVisualStudioVersion = 10.0.40219.1
Project("{FAE04EC0-301F-11D3-BF4B-00C04F79EFBC}") = "TypicalViewModels", "TypicalViewModels\TypicalViewModels.csproj", "{373E392D-8BA3-4031-929C-EA541597C3A9}"
EndProject
Project("{FAE04EC0-301F-11D3-BF4B-00C04F79EFBC}") = "CleanViewModels", "CleanViewModels\CleanViewModels.csproj", "{89E62D69-DF1E-417C-89EE-E2869BC6E25A}"
EndProject
Global
	GlobalSection(SolutionConfigurationPlatforms) = preSolution
		Debug|Any CPU = Debug|Any CPU
		Release|Any CPU = Release|Any CPU
	EndGlobalSection
	GlobalSection(ProjectConfigurationPlatforms) = postSolution
		{373E392D-8BA3-4031-929C-EA541597C3A9}.Debug|Any CPU.ActiveCfg = Debug|Any CPU
		{373E392D-8BA3-4031-929C-EA541597C3A9}.Debug|Any CPU.Build.0 = Debug|Any CPU
		{373E392D-8BA3-4031-929C-EA541597C3A9}.Release|Any CPU.ActiveCfg = Release|Any CPU
		{373E392D-8BA3-4031-929C-EA541597C3A9}.Release|Any CPU.Build.0 = Release|Any CPU
		{89E62D69-DF1E-417C-89EE-E2869BC6E25A}.Debug|Any CPU.ActiveCfg = Debug|Any CPU
		{89E62D69-DF1E-417C-89EE-E2869BC6E25A}.Debug|Any CPU.Build.0 = Debug|Any CPU
		{89E62D69-DF1E-417C-89EE-E2869BC6E25A}.Release|Any CPU.ActiveCfg = Release|Any CPU
		{89E62D69-DF1E-417C-89EE-E2869BC6E25A}.Release|Any CPU.Build.0 = Release|Any CPU
	EndGlobalSection
	GlobalSection(SolutionProperties) = preSolution
		HideSolutionNode = FALSE
	EndGlobalSection
EndGlobal
